
Microsoft Visual Studio Solution File, Format Version 12.00
# Visual Studio 2013
VisualStudioVersion = 12.0.21005.1
MinimumVisualStudioVersion = 10.0.40219.1
Project("{FAE04EC0-301F-11D3-BF4B-00C04F79EFBC}") = "Crypto", "Crypto\Crypto.csproj", "{156D96AE-5344-4933-BA53-348A0CA97040}"
EndProject
Project("{FAE04EC0-301F-11D3-BF4B-00C04F79EFBC}") = "Cryptographie", "Cryptographie\Cryptographie.csproj", "{2BB3748F-A656-4D04-BF2A-A7162ABB1C05}"
EndProject
Project("{FAE04EC0-301F-11D3-BF4B-00C04F79EFBC}") = "TestDeCryptage", "TestDeCryptage\TestDeCryptage.csproj", "{EE57E050-362A-4373-9D8B-2EB88D54E279}"
EndProject
Global
	GlobalSection(TeamFoundationVersionControl) = preSolution
		SccNumberOfProjects = 4
		SccEnterpriseProvider = {4CA58AB2-18FA-4F8D-95D4-32DDF27D184C}
		SccTeamFoundationServer = https://alexislalonde.visualstudio.com/defaultcollection
		SccLocalPath0 = .
		SccProjectUniqueName1 = Crypto\\Crypto.csproj
		SccProjectName1 = Crypto
		SccLocalPath1 = Crypto
		SccProjectUniqueName2 = Cryptographie\\Cryptographie.csproj
		SccProjectName2 = Cryptographie
		SccLocalPath2 = Cryptographie
		SccProjectUniqueName3 = TestDeCryptage\\TestDeCryptage.csproj
		SccProjectName3 = TestDeCryptage
		SccLocalPath3 = TestDeCryptage
	EndGlobalSection
	GlobalSection(SolutionConfigurationPlatforms) = preSolution
		Debug|Any CPU = Debug|Any CPU
		Release|Any CPU = Release|Any CPU
	EndGlobalSection
	GlobalSection(ProjectConfigurationPlatforms) = postSolution
		{156D96AE-5344-4933-BA53-348A0CA97040}.Debug|Any CPU.ActiveCfg = Debug|Any CPU
		{156D96AE-5344-4933-BA53-348A0CA97040}.Debug|Any CPU.Build.0 = Debug|Any CPU
		{156D96AE-5344-4933-BA53-348A0CA97040}.Release|Any CPU.ActiveCfg = Release|Any CPU
		{156D96AE-5344-4933-BA53-348A0CA97040}.Release|Any CPU.Build.0 = Release|Any CPU
		{2BB3748F-A656-4D04-BF2A-A7162ABB1C05}.Debug|Any CPU.ActiveCfg = Debug|Any CPU
		{2BB3748F-A656-4D04-BF2A-A7162ABB1C05}.Debug|Any CPU.Build.0 = Debug|Any CPU
		{2BB3748F-A656-4D04-BF2A-A7162ABB1C05}.Release|Any CPU.ActiveCfg = Release|Any CPU
		{2BB3748F-A656-4D04-BF2A-A7162ABB1C05}.Release|Any CPU.Build.0 = Release|Any CPU
		{EE57E050-362A-4373-9D8B-2EB88D54E279}.Debug|Any CPU.ActiveCfg = Debug|Any CPU
		{EE57E050-362A-4373-9D8B-2EB88D54E279}.Debug|Any CPU.Build.0 = Debug|Any CPU
		{EE57E050-362A-4373-9D8B-2EB88D54E279}.Release|Any CPU.ActiveCfg = Release|Any CPU
		{EE57E050-362A-4373-9D8B-2EB88D54E279}.Release|Any CPU.Build.0 = Release|Any CPU
	EndGlobalSection
	GlobalSection(SolutionProperties) = preSolution
		HideSolutionNode = FALSE
	EndGlobalSection
EndGlobal
